
Microsoft Visual Studio Solution File, Format Version 12.00
# Visual Studio Version 16
VisualStudioVersion = 16.0.30907.101
MinimumVisualStudioVersion = 10.0.40219.1
Project("{FAE04EC0-301F-11D3-BF4B-00C04F79EFBC}") = "MFC.Blog.Business", "MFC.Blog.Business\MFC.Blog.Business.csproj", "{00DC1DB4-BC05-4F04-8D4B-2BD84590B688}"
EndProject
Project("{FAE04EC0-301F-11D3-BF4B-00C04F79EFBC}") = "MFC.Blog.DataAccess", "MFC.Blog.DataAccess\MFC.Blog.DataAccess.csproj", "{4B23FC84-EB22-4FB6-B172-6F326F03B107}"
EndProject
Project("{FAE04EC0-301F-11D3-BF4B-00C04F79EFBC}") = "MFC.Blog.Entities", "MFC.Blog.Entities\MFC.Blog.Entities.csproj", "{A87D8D5B-9457-4044-B17A-38647C9675BE}"
EndProject
Project("{FAE04EC0-301F-11D3-BF4B-00C04F79EFBC}") = "MFC.Blog.DTO", "MFC.Blog.DTO\MFC.Blog.DTO.csproj", "{AD79FDBC-494C-4015-90A2-6A52F265369E}"
EndProject
Project("{FAE04EC0-301F-11D3-BF4B-00C04F79EFBC}") = "MFC.Blog.WebApi", "MFC.Blog.WebApi\MFC.Blog.WebApi.csproj", "{8A511151-CBA6-4CFE-BA81-8F176B9FF7D7}"
EndProject
Global
	GlobalSection(SolutionConfigurationPlatforms) = preSolution
		Debug|Any CPU = Debug|Any CPU
		Release|Any CPU = Release|Any CPU
	EndGlobalSection
	GlobalSection(ProjectConfigurationPlatforms) = postSolution
		{00DC1DB4-BC05-4F04-8D4B-2BD84590B688}.Debug|Any CPU.ActiveCfg = Debug|Any CPU
		{00DC1DB4-BC05-4F04-8D4B-2BD84590B688}.Debug|Any CPU.Build.0 = Debug|Any CPU
		{00DC1DB4-BC05-4F04-8D4B-2BD84590B688}.Release|Any CPU.ActiveCfg = Release|Any CPU
		{00DC1DB4-BC05-4F04-8D4B-2BD84590B688}.Release|Any CPU.Build.0 = Release|Any CPU
		{4B23FC84-EB22-4FB6-B172-6F326F03B107}.Debug|Any CPU.ActiveCfg = Debug|Any CPU
		{4B23FC84-EB22-4FB6-B172-6F326F03B107}.Debug|Any CPU.Build.0 = Debug|Any CPU
		{4B23FC84-EB22-4FB6-B172-6F326F03B107}.Release|Any CPU.ActiveCfg = Release|Any CPU
		{4B23FC84-EB22-4FB6-B172-6F326F03B107}.Release|Any CPU.Build.0 = Release|Any CPU
		{A87D8D5B-9457-4044-B17A-38647C9675BE}.Debug|Any CPU.ActiveCfg = Debug|Any CPU
		{A87D8D5B-9457-4044-B17A-38647C9675BE}.Debug|Any CPU.Build.0 = Debug|Any CPU
		{A87D8D5B-9457-4044-B17A-38647C9675BE}.Release|Any CPU.ActiveCfg = Release|Any CPU
		{A87D8D5B-9457-4044-B17A-38647C9675BE}.Release|Any CPU.Build.0 = Release|Any CPU
		{AD79FDBC-494C-4015-90A2-6A52F265369E}.Debug|Any CPU.ActiveCfg = Debug|Any CPU
		{AD79FDBC-494C-4015-90A2-6A52F265369E}.Debug|Any CPU.Build.0 = Debug|Any CPU
		{AD79FDBC-494C-4015-90A2-6A52F265369E}.Release|Any CPU.ActiveCfg = Release|Any CPU
		{AD79FDBC-494C-4015-90A2-6A52F265369E}.Release|Any CPU.Build.0 = Release|Any CPU
		{8A511151-CBA6-4CFE-BA81-8F176B9FF7D7}.Debug|Any CPU.ActiveCfg = Debug|Any CPU
		{8A511151-CBA6-4CFE-BA81-8F176B9FF7D7}.Debug|Any CPU.Build.0 = Debug|Any CPU
		{8A511151-CBA6-4CFE-BA81-8F176B9FF7D7}.Release|Any CPU.ActiveCfg = Release|Any CPU
		{8A511151-CBA6-4CFE-BA81-8F176B9FF7D7}.Release|Any CPU.Build.0 = Release|Any CPU
	EndGlobalSection
	GlobalSection(SolutionProperties) = preSolution
		HideSolutionNode = FALSE
	EndGlobalSection
	GlobalSection(ExtensibilityGlobals) = postSolution
		SolutionGuid = {97E5CB65-FF8D-46A5-AB58-7638B89084F5}
	EndGlobalSection
EndGlobal
